
Microsoft Visual Studio Solution File, Format Version 12.00
# Visual Studio Version 17
VisualStudioVersion = 17.14.36811.4
MinimumVisualStudioVersion = 10.0.40219.1
Project("{FAE04EC0-301F-11D3-BF4B-00C04F79EFBC}") = "Dev Victor", "Dev Victor\Dev Victor.csproj", "{18DC9168-FD5A-4789-94FD-F1F4941A61D4}"
EndProject
Project("{FAE04EC0-301F-11D3-BF4B-00C04F79EFBC}") = "Exo12", "Exo12\Exo12.csproj", "{99FA842D-6043-45F7-94A1-469C7E4BA361}"
EndProject
Project("{FAE04EC0-301F-11D3-BF4B-00C04F79EFBC}") = "Exo13", "Exo13\Exo13.csproj", "{4E1D6D8A-1393-43D8-B9E7-AC9C5C1B7F5B}"
EndProject
Project("{FAE04EC0-301F-11D3-BF4B-00C04F79EFBC}") = "Exo14", "Exo14\Exo14.csproj", "{201D3936-45B3-4C69-9553-A76EB5CAF431}"
EndProject
Project("{FAE04EC0-301F-11D3-BF4B-00C04F79EFBC}") = "Exo15", "Exo15\Exo15.csproj", "{FC9FAAED-1377-441A-BF40-FA596B638D4C}"
EndProject
Project("{FAE04EC0-301F-11D3-BF4B-00C04F79EFBC}") = "Exo15bis", "Exo15bis\Exo15bis.csproj", "{AB8A9E1C-3300-4F25-BA4D-EF72E651539D}"
EndProject
Project("{FAE04EC0-301F-11D3-BF4B-00C04F79EFBC}") = "Exo16", "Exo16\Exo16.csproj", "{2BBDCE11-2AD5-4C46-8673-81038ABAEAEF}"
EndProject
Project("{FAE04EC0-301F-11D3-BF4B-00C04F79EFBC}") = "exo recap", "exo recap\exo recap.csproj", "{3EFCB8F3-B64E-4610-B08E-884C8C45B59B}"
EndProject
Project("{FAE04EC0-301F-11D3-BF4B-00C04F79EFBC}") = "Exo19", "Exo19\Exo19.csproj", "{FC26E7ED-9496-48DA-8819-55AB8AA01204}"
EndProject
Project("{FAE04EC0-301F-11D3-BF4B-00C04F79EFBC}") = "Exo20", "Exo20\Exo20.csproj", "{568DE605-C067-4801-93D4-F0F88A4351FC}"
EndProject
Project("{FAE04EC0-301F-11D3-BF4B-00C04F79EFBC}") = "Exo21", "Exo21\Exo21.csproj", "{F1CBB5A4-75BB-4FC9-A63D-9464A7212612}"
EndProject
Project("{FAE04EC0-301F-11D3-BF4B-00C04F79EFBC}") = "Exo22", "Exo22\Exo22.csproj", "{2CAE7660-468C-4AFB-8557-CAFE58F0EEA1}"
EndProject
Project("{FAE04EC0-301F-11D3-BF4B-00C04F79EFBC}") = "ExoBonus1", "ExoBonus1\ExoBonus1.csproj", "{88FB2A37-738D-4274-9C16-09283B7D2204}"
EndProject
Project("{FAE04EC0-301F-11D3-BF4B-00C04F79EFBC}") = "ExoBonus2", "ExoBonus2\ExoBonus2.csproj", "{E7EFB2B3-56B2-4C15-81E0-C9DFEB8B194D}"
EndProject
Global
	GlobalSection(SolutionConfigurationPlatforms) = preSolution
		Debug|Any CPU = Debug|Any CPU
		Release|Any CPU = Release|Any CPU
	EndGlobalSection
	GlobalSection(ProjectConfigurationPlatforms) = postSolution
		{18DC9168-FD5A-4789-94FD-F1F4941A61D4}.Debug|Any CPU.ActiveCfg = Debug|Any CPU
		{18DC9168-FD5A-4789-94FD-F1F4941A61D4}.Debug|Any CPU.Build.0 = Debug|Any CPU
		{18DC9168-FD5A-4789-94FD-F1F4941A61D4}.Release|Any CPU.ActiveCfg = Release|Any CPU
		{18DC9168-FD5A-4789-94FD-F1F4941A61D4}.Release|Any CPU.Build.0 = Release|Any CPU
		{99FA842D-6043-45F7-94A1-469C7E4BA361}.Debug|Any CPU.ActiveCfg = Debug|Any CPU
		{99FA842D-6043-45F7-94A1-469C7E4BA361}.Debug|Any CPU.Build.0 = Debug|Any CPU
		{99FA842D-6043-45F7-94A1-469C7E4BA361}.Release|Any CPU.ActiveCfg = Release|Any CPU
		{99FA842D-6043-45F7-94A1-469C7E4BA361}.Release|Any CPU.Build.0 = Release|Any CPU
		{4E1D6D8A-1393-43D8-B9E7-AC9C5C1B7F5B}.Debug|Any CPU.ActiveCfg = Debug|Any CPU
		{4E1D6D8A-1393-43D8-B9E7-AC9C5C1B7F5B}.Debug|Any CPU.Build.0 = Debug|Any CPU
		{4E1D6D8A-1393-43D8-B9E7-AC9C5C1B7F5B}.Release|Any CPU.ActiveCfg = Release|Any CPU
		{4E1D6D8A-1393-43D8-B9E7-AC9C5C1B7F5B}.Release|Any CPU.Build.0 = Release|Any CPU
		{201D3936-45B3-4C69-9553-A76EB5CAF431}.Debug|Any CPU.ActiveCfg = Debug|Any CPU
		{201D3936-45B3-4C69-9553-A76EB5CAF431}.Debug|Any CPU.Build.0 = Debug|Any CPU
		{201D3936-45B3-4C69-9553-A76EB5CAF431}.Release|Any CPU.ActiveCfg = Release|Any CPU
		{201D3936-45B3-4C69-9553-A76EB5CAF431}.Release|Any CPU.Build.0 = Release|Any CPU
		{FC9FAAED-1377-441A-BF40-FA596B638D4C}.Debug|Any CPU.ActiveCfg = Debug|Any CPU
		{FC9FAAED-1377-441A-BF40-FA596B638D4C}.Debug|Any CPU.Build.0 = Debug|Any CPU
		{FC9FAAED-1377-441A-BF40-FA596B638D4C}.Release|Any CPU.ActiveCfg = Release|Any CPU
		{FC9FAAED-1377-441A-BF40-FA596B638D4C}.Release|Any CPU.Build.0 = Release|Any CPU
		{AB8A9E1C-3300-4F25-BA4D-EF72E651539D}.Debug|Any CPU.ActiveCfg = Debug|Any CPU
		{AB8A9E1C-3300-4F25-BA4D-EF72E651539D}.Debug|Any CPU.Build.0 = Debug|Any CPU
		{AB8A9E1C-3300-4F25-BA4D-EF72E651539D}.Release|Any CPU.ActiveCfg = Release|Any CPU
		{AB8A9E1C-3300-4F25-BA4D-EF72E651539D}.Release|Any CPU.Build.0 = Release|Any CPU
		{2BBDCE11-2AD5-4C46-8673-81038ABAEAEF}.Debug|Any CPU.ActiveCfg = Debug|Any CPU
		{2BBDCE11-2AD5-4C46-8673-81038ABAEAEF}.Debug|Any CPU.Build.0 = Debug|Any CPU
		{2BBDCE11-2AD5-4C46-8673-81038ABAEAEF}.Release|Any CPU.ActiveCfg = Release|Any CPU
		{2BBDCE11-2AD5-4C46-8673-81038ABAEAEF}.Release|Any CPU.Build.0 = Release|Any CPU
		{3EFCB8F3-B64E-4610-B08E-884C8C45B59B}.Debug|Any CPU.ActiveCfg = Debug|Any CPU
		{3EFCB8F3-B64E-4610-B08E-884C8C45B59B}.Debug|Any CPU.Build.0 = Debug|Any CPU
		{3EFCB8F3-B64E-4610-B08E-884C8C45B59B}.Release|Any CPU.ActiveCfg = Release|Any CPU
		{3EFCB8F3-B64E-4610-B08E-884C8C45B59B}.Release|Any CPU.Build.0 = Release|Any CPU
		{FC26E7ED-9496-48DA-8819-55AB8AA01204}.Debug|Any CPU.ActiveCfg = Debug|Any CPU
		{FC26E7ED-9496-48DA-8819-55AB8AA01204}.Debug|Any CPU.Build.0 = Debug|Any CPU
		{FC26E7ED-9496-48DA-8819-55AB8AA01204}.Release|Any CPU.ActiveCfg = Release|Any CPU
		{FC26E7ED-9496-48DA-8819-55AB8AA01204}.Release|Any CPU.Build.0 = Release|Any CPU
		{568DE605-C067-4801-93D4-F0F88A4351FC}.Debug|Any CPU.ActiveCfg = Debug|Any CPU
		{568DE605-C067-4801-93D4-F0F88A4351FC}.Debug|Any CPU.Build.0 = Debug|Any CPU
		{568DE605-C067-4801-93D4-F0F88A4351FC}.Release|Any CPU.ActiveCfg = Release|Any CPU
		{568DE605-C067-4801-93D4-F0F88A4351FC}.Release|Any CPU.Build.0 = Release|Any CPU
		{F1CBB5A4-75BB-4FC9-A63D-9464A7212612}.Debug|Any CPU.ActiveCfg = Debug|Any CPU
		{F1CBB5A4-75BB-4FC9-A63D-9464A7212612}.Debug|Any CPU.Build.0 = Debug|Any CPU
		{F1CBB5A4-75BB-4FC9-A63D-9464A7212612}.Release|Any CPU.ActiveCfg = Release|Any CPU
		{F1CBB5A4-75BB-4FC9-A63D-9464A7212612}.Release|Any CPU.Build.0 = Release|Any CPU
		{2CAE7660-468C-4AFB-8557-CAFE58F0EEA1}.Debug|Any CPU.ActiveCfg = Debug|Any CPU
		{2CAE7660-468C-4AFB-8557-CAFE58F0EEA1}.Debug|Any CPU.Build.0 = Debug|Any CPU
		{2CAE7660-468C-4AFB-8557-CAFE58F0EEA1}.Release|Any CPU.ActiveCfg = Release|Any CPU
		{2CAE7660-468C-4AFB-8557-CAFE58F0EEA1}.Release|Any CPU.Build.0 = Release|Any CPU
		{88FB2A37-738D-4274-9C16-09283B7D2204}.Debug|Any CPU.ActiveCfg = Debug|Any CPU
		{88FB2A37-738D-4274-9C16-09283B7D2204}.Debug|Any CPU.Build.0 = Debug|Any CPU
		{88FB2A37-738D-4274-9C16-09283B7D2204}.Release|Any CPU.ActiveCfg = Release|Any CPU
		{88FB2A37-738D-4274-9C16-09283B7D2204}.Release|Any CPU.Build.0 = Release|Any CPU
		{E7EFB2B3-56B2-4C15-81E0-C9DFEB8B194D}.Debug|Any CPU.ActiveCfg = Debug|Any CPU
		{E7EFB2B3-56B2-4C15-81E0-C9DFEB8B194D}.Debug|Any CPU.Build.0 = Debug|Any CPU
		{E7EFB2B3-56B2-4C15-81E0-C9DFEB8B194D}.Release|Any CPU.ActiveCfg = Release|Any CPU
		{E7EFB2B3-56B2-4C15-81E0-C9DFEB8B194D}.Release|Any CPU.Build.0 = Release|Any CPU
	EndGlobalSection
	GlobalSection(SolutionProperties) = preSolution
		HideSolutionNode = FALSE
	EndGlobalSection
	GlobalSection(ExtensibilityGlobals) = postSolution
		SolutionGuid = {F14BACD2-25E7-4272-BDB4-C6DF933C6633}
	EndGlobalSection
EndGlobal
