
Microsoft Visual Studio Solution File, Format Version 12.00
# Visual Studio Version 17
VisualStudioVersion = 17.14.36811.4
MinimumVisualStudioVersion = 10.0.40219.1
Project("{FAE04EC0-301F-11D3-BF4B-00C04F79EFBC}") = "Ex2", "Ex2\Ex2.csproj", "{42013CC6-E903-4E5F-9AE6-A0BB6122D2F0}"
EndProject
Project("{FAE04EC0-301F-11D3-BF4B-00C04F79EFBC}") = "Ex3", "Ex3\Ex3.csproj", "{B33FEF23-46AC-400F-B2F4-B25ECE43EB97}"
EndProject
Project("{FAE04EC0-301F-11D3-BF4B-00C04F79EFBC}") = "Ex4", "Ex4\Ex4.csproj", "{69680094-9452-42A2-A7AE-8FB9B59D3428}"
EndProject
Project("{FAE04EC0-301F-11D3-BF4B-00C04F79EFBC}") = "Ex5", "Ex5\Ex5.csproj", "{31BDBCF0-47DA-43DA-8D43-89BA1FA2F659}"
EndProject
Project("{FAE04EC0-301F-11D3-BF4B-00C04F79EFBC}") = "Ex1", "Ex1\Ex1.csproj", "{3647C764-129C-B720-E582-30EB33306FD8}"
EndProject
Project("{FAE04EC0-301F-11D3-BF4B-00C04F79EFBC}") = "Ex6", "Ex6\Ex6.csproj", "{BB4485D0-1F90-3251-7D3F-E302A30B031C}"
EndProject
Project("{FAE04EC0-301F-11D3-BF4B-00C04F79EFBC}") = "Ex7", "Ex7\Ex7.csproj", "{059EA95D-875D-48B2-9C61-B040C85081A7}"
EndProject
Project("{FAE04EC0-301F-11D3-BF4B-00C04F79EFBC}") = "Ex8", "Ex8\Ex8.csproj", "{180FB67C-82A6-4871-A330-7C45F25CF14F}"
EndProject
Project("{FAE04EC0-301F-11D3-BF4B-00C04F79EFBC}") = "Ex9", "Ex9\Ex9.csproj", "{3DAB7D94-04D4-4CD8-967E-3A6A01F8AC4D}"
EndProject
Project("{FAE04EC0-301F-11D3-BF4B-00C04F79EFBC}") = "Ex10", "Ex10\Ex10.csproj", "{A2BB9980-60E0-4231-96C9-6BA7676BC22B}"
EndProject
Project("{FAE04EC0-301F-11D3-BF4B-00C04F79EFBC}") = "Ex11", "Ex11\Ex11.csproj", "{A9421CBC-FB95-4C7C-95DE-C7EAEB492FC6}"
EndProject
Project("{FAE04EC0-301F-11D3-BF4B-00C04F79EFBC}") = "Ex12", "Ex12\Ex12.csproj", "{5327E94D-3D85-4615-B986-1446F8E71818}"
EndProject
Project("{FAE04EC0-301F-11D3-BF4B-00C04F79EFBC}") = "Ex13", "Ex13\Ex13.csproj", "{6992BB6A-3AEA-4163-8037-899FCCF4F94D}"
EndProject
Project("{FAE04EC0-301F-11D3-BF4B-00C04F79EFBC}") = "Ex14", "Ex14\Ex14.csproj", "{8BB2E58A-7C0C-43EA-8909-C38F6A8B6CBA}"
EndProject
Project("{FAE04EC0-301F-11D3-BF4B-00C04F79EFBC}") = "ExBonus21", "ExBonus21\ExBonus21.csproj", "{687EFE71-0327-4A88-8D9F-910C97702A96}"
EndProject
Project("{FAE04EC0-301F-11D3-BF4B-00C04F79EFBC}") = "ExBonus27", "ExBonus27\ExBonus27.csproj", "{E42C6DA9-866E-4EE5-B96B-DB7424CB5A5E}"
EndProject
Project("{FAE04EC0-301F-11D3-BF4B-00C04F79EFBC}") = "ExBonus28", "ExBonus28\ExBonus28.csproj", "{CE301705-D6F3-4054-83DA-771185779BF9}"
EndProject
Project("{FAE04EC0-301F-11D3-BF4B-00C04F79EFBC}") = "ExBonus30", "ExBonus30\ExBonus30.csproj", "{65A2E306-69F2-8BA7-645F-576C5691F46A}"
EndProject
Project("{FAE04EC0-301F-11D3-BF4B-00C04F79EFBC}") = "Ex15", "Ex15\Ex15.csproj", "{EA81DA14-628E-4639-AA38-4BD32938A7CB}"
EndProject
Project("{FAE04EC0-301F-11D3-BF4B-00C04F79EFBC}") = "Ex16", "Ex16\Ex16.csproj", "{BDDE0D45-E678-4A80-94E4-4692801BD190}"
EndProject
Project("{FAE04EC0-301F-11D3-BF4B-00C04F79EFBC}") = "Ex17", "Ex17\Ex17.csproj", "{6CDCD68A-3DB3-4D48-AB4E-07736D249F06}"
EndProject
Project("{FAE04EC0-301F-11D3-BF4B-00C04F79EFBC}") = "Ex18", "Ex18\Ex18.csproj", "{571EB276-8EE9-43A6-BE8E-719F7253B6B8}"
EndProject
Project("{FAE04EC0-301F-11D3-BF4B-00C04F79EFBC}") = "Ex19", "Ex19\Ex19.csproj", "{E9AF3374-E353-4F1D-A427-7F03B05E3F57}"
EndProject
Project("{FAE04EC0-301F-11D3-BF4B-00C04F79EFBC}") = "EXBonus32", "EXBonus32\EXBonus32.csproj", "{EAEA8314-FAC9-4DF8-B0FC-15C376E3E29A}"
EndProject
Global
	GlobalSection(SolutionConfigurationPlatforms) = preSolution
		Debug|Any CPU = Debug|Any CPU
		Release|Any CPU = Release|Any CPU
	EndGlobalSection
	GlobalSection(ProjectConfigurationPlatforms) = postSolution
		{42013CC6-E903-4E5F-9AE6-A0BB6122D2F0}.Debug|Any CPU.ActiveCfg = Debug|Any CPU
		{42013CC6-E903-4E5F-9AE6-A0BB6122D2F0}.Debug|Any CPU.Build.0 = Debug|Any CPU
		{42013CC6-E903-4E5F-9AE6-A0BB6122D2F0}.Release|Any CPU.ActiveCfg = Release|Any CPU
		{42013CC6-E903-4E5F-9AE6-A0BB6122D2F0}.Release|Any CPU.Build.0 = Release|Any CPU
		{B33FEF23-46AC-400F-B2F4-B25ECE43EB97}.Debug|Any CPU.ActiveCfg = Debug|Any CPU
		{B33FEF23-46AC-400F-B2F4-B25ECE43EB97}.Debug|Any CPU.Build.0 = Debug|Any CPU
		{B33FEF23-46AC-400F-B2F4-B25ECE43EB97}.Release|Any CPU.ActiveCfg = Release|Any CPU
		{B33FEF23-46AC-400F-B2F4-B25ECE43EB97}.Release|Any CPU.Build.0 = Release|Any CPU
		{69680094-9452-42A2-A7AE-8FB9B59D3428}.Debug|Any CPU.ActiveCfg = Debug|Any CPU
		{69680094-9452-42A2-A7AE-8FB9B59D3428}.Debug|Any CPU.Build.0 = Debug|Any CPU
		{69680094-9452-42A2-A7AE-8FB9B59D3428}.Release|Any CPU.ActiveCfg = Release|Any CPU
		{69680094-9452-42A2-A7AE-8FB9B59D3428}.Release|Any CPU.Build.0 = Release|Any CPU
		{31BDBCF0-47DA-43DA-8D43-89BA1FA2F659}.Debug|Any CPU.ActiveCfg = Debug|Any CPU
		{31BDBCF0-47DA-43DA-8D43-89BA1FA2F659}.Debug|Any CPU.Build.0 = Debug|Any CPU
		{31BDBCF0-47DA-43DA-8D43-89BA1FA2F659}.Release|Any CPU.ActiveCfg = Release|Any CPU
		{31BDBCF0-47DA-43DA-8D43-89BA1FA2F659}.Release|Any CPU.Build.0 = Release|Any CPU
		{3647C764-129C-B720-E582-30EB33306FD8}.Debug|Any CPU.ActiveCfg = Debug|Any CPU
		{3647C764-129C-B720-E582-30EB33306FD8}.Debug|Any CPU.Build.0 = Debug|Any CPU
		{3647C764-129C-B720-E582-30EB33306FD8}.Release|Any CPU.ActiveCfg = Release|Any CPU
		{3647C764-129C-B720-E582-30EB33306FD8}.Release|Any CPU.Build.0 = Release|Any CPU
		{BB4485D0-1F90-3251-7D3F-E302A30B031C}.Debug|Any CPU.ActiveCfg = Debug|Any CPU
		{BB4485D0-1F90-3251-7D3F-E302A30B031C}.Debug|Any CPU.Build.0 = Debug|Any CPU
		{BB4485D0-1F90-3251-7D3F-E302A30B031C}.Release|Any CPU.ActiveCfg = Release|Any CPU
		{BB4485D0-1F90-3251-7D3F-E302A30B031C}.Release|Any CPU.Build.0 = Release|Any CPU
		{059EA95D-875D-48B2-9C61-B040C85081A7}.Debug|Any CPU.ActiveCfg = Debug|Any CPU
		{059EA95D-875D-48B2-9C61-B040C85081A7}.Debug|Any CPU.Build.0 = Debug|Any CPU
		{059EA95D-875D-48B2-9C61-B040C85081A7}.Release|Any CPU.ActiveCfg = Release|Any CPU
		{059EA95D-875D-48B2-9C61-B040C85081A7}.Release|Any CPU.Build.0 = Release|Any CPU
		{180FB67C-82A6-4871-A330-7C45F25CF14F}.Debug|Any CPU.ActiveCfg = Debug|Any CPU
		{180FB67C-82A6-4871-A330-7C45F25CF14F}.Debug|Any CPU.Build.0 = Debug|Any CPU
		{180FB67C-82A6-4871-A330-7C45F25CF14F}.Release|Any CPU.ActiveCfg = Release|Any CPU
		{180FB67C-82A6-4871-A330-7C45F25CF14F}.Release|Any CPU.Build.0 = Release|Any CPU
		{3DAB7D94-04D4-4CD8-967E-3A6A01F8AC4D}.Debug|Any CPU.ActiveCfg = Debug|Any CPU
		{3DAB7D94-04D4-4CD8-967E-3A6A01F8AC4D}.Debug|Any CPU.Build.0 = Debug|Any CPU
		{3DAB7D94-04D4-4CD8-967E-3A6A01F8AC4D}.Release|Any CPU.ActiveCfg = Release|Any CPU
		{3DAB7D94-04D4-4CD8-967E-3A6A01F8AC4D}.Release|Any CPU.Build.0 = Release|Any CPU
		{A2BB9980-60E0-4231-96C9-6BA7676BC22B}.Debug|Any CPU.ActiveCfg = Debug|Any CPU
		{A2BB9980-60E0-4231-96C9-6BA7676BC22B}.Debug|Any CPU.Build.0 = Debug|Any CPU
		{A2BB9980-60E0-4231-96C9-6BA7676BC22B}.Release|Any CPU.ActiveCfg = Release|Any CPU
		{A2BB9980-60E0-4231-96C9-6BA7676BC22B}.Release|Any CPU.Build.0 = Release|Any CPU
		{A9421CBC-FB95-4C7C-95DE-C7EAEB492FC6}.Debug|Any CPU.ActiveCfg = Debug|Any CPU
		{A9421CBC-FB95-4C7C-95DE-C7EAEB492FC6}.Debug|Any CPU.Build.0 = Debug|Any CPU
		{A9421CBC-FB95-4C7C-95DE-C7EAEB492FC6}.Release|Any CPU.ActiveCfg = Release|Any CPU
		{A9421CBC-FB95-4C7C-95DE-C7EAEB492FC6}.Release|Any CPU.Build.0 = Release|Any CPU
		{5327E94D-3D85-4615-B986-1446F8E71818}.Debug|Any CPU.ActiveCfg = Debug|Any CPU
		{5327E94D-3D85-4615-B986-1446F8E71818}.Debug|Any CPU.Build.0 = Debug|Any CPU
		{5327E94D-3D85-4615-B986-1446F8E71818}.Release|Any CPU.ActiveCfg = Release|Any CPU
		{5327E94D-3D85-4615-B986-1446F8E71818}.Release|Any CPU.Build.0 = Release|Any CPU
		{6992BB6A-3AEA-4163-8037-899FCCF4F94D}.Debug|Any CPU.ActiveCfg = Debug|Any CPU
		{6992BB6A-3AEA-4163-8037-899FCCF4F94D}.Debug|Any CPU.Build.0 = Debug|Any CPU
		{6992BB6A-3AEA-4163-8037-899FCCF4F94D}.Release|Any CPU.ActiveCfg = Release|Any CPU
		{6992BB6A-3AEA-4163-8037-899FCCF4F94D}.Release|Any CPU.Build.0 = Release|Any CPU
		{8BB2E58A-7C0C-43EA-8909-C38F6A8B6CBA}.Debug|Any CPU.ActiveCfg = Debug|Any CPU
		{8BB2E58A-7C0C-43EA-8909-C38F6A8B6CBA}.Debug|Any CPU.Build.0 = Debug|Any CPU
		{8BB2E58A-7C0C-43EA-8909-C38F6A8B6CBA}.Release|Any CPU.ActiveCfg = Release|Any CPU
		{8BB2E58A-7C0C-43EA-8909-C38F6A8B6CBA}.Release|Any CPU.Build.0 = Release|Any CPU
		{687EFE71-0327-4A88-8D9F-910C97702A96}.Debug|Any CPU.ActiveCfg = Debug|Any CPU
		{687EFE71-0327-4A88-8D9F-910C97702A96}.Debug|Any CPU.Build.0 = Debug|Any CPU
		{687EFE71-0327-4A88-8D9F-910C97702A96}.Release|Any CPU.ActiveCfg = Release|Any CPU
		{687EFE71-0327-4A88-8D9F-910C97702A96}.Release|Any CPU.Build.0 = Release|Any CPU
		{E42C6DA9-866E-4EE5-B96B-DB7424CB5A5E}.Debug|Any CPU.ActiveCfg = Debug|Any CPU
		{E42C6DA9-866E-4EE5-B96B-DB7424CB5A5E}.Debug|Any CPU.Build.0 = Debug|Any CPU
		{E42C6DA9-866E-4EE5-B96B-DB7424CB5A5E}.Release|Any CPU.ActiveCfg = Release|Any CPU
		{E42C6DA9-866E-4EE5-B96B-DB7424CB5A5E}.Release|Any CPU.Build.0 = Release|Any CPU
		{CE301705-D6F3-4054-83DA-771185779BF9}.Debug|Any CPU.ActiveCfg = Debug|Any CPU
		{CE301705-D6F3-4054-83DA-771185779BF9}.Debug|Any CPU.Build.0 = Debug|Any CPU
		{CE301705-D6F3-4054-83DA-771185779BF9}.Release|Any CPU.ActiveCfg = Release|Any CPU
		{CE301705-D6F3-4054-83DA-771185779BF9}.Release|Any CPU.Build.0 = Release|Any CPU
		{65A2E306-69F2-8BA7-645F-576C5691F46A}.Debug|Any CPU.ActiveCfg = Debug|Any CPU
		{65A2E306-69F2-8BA7-645F-576C5691F46A}.Debug|Any CPU.Build.0 = Debug|Any CPU
		{65A2E306-69F2-8BA7-645F-576C5691F46A}.Release|Any CPU.ActiveCfg = Release|Any CPU
		{65A2E306-69F2-8BA7-645F-576C5691F46A}.Release|Any CPU.Build.0 = Release|Any CPU
		{EA81DA14-628E-4639-AA38-4BD32938A7CB}.Debug|Any CPU.ActiveCfg = Debug|Any CPU
		{EA81DA14-628E-4639-AA38-4BD32938A7CB}.Debug|Any CPU.Build.0 = Debug|Any CPU
		{EA81DA14-628E-4639-AA38-4BD32938A7CB}.Release|Any CPU.ActiveCfg = Release|Any CPU
		{EA81DA14-628E-4639-AA38-4BD32938A7CB}.Release|Any CPU.Build.0 = Release|Any CPU
		{BDDE0D45-E678-4A80-94E4-4692801BD190}.Debug|Any CPU.ActiveCfg = Debug|Any CPU
		{BDDE0D45-E678-4A80-94E4-4692801BD190}.Debug|Any CPU.Build.0 = Debug|Any CPU
		{BDDE0D45-E678-4A80-94E4-4692801BD190}.Release|Any CPU.ActiveCfg = Release|Any CPU
		{BDDE0D45-E678-4A80-94E4-4692801BD190}.Release|Any CPU.Build.0 = Release|Any CPU
		{6CDCD68A-3DB3-4D48-AB4E-07736D249F06}.Debug|Any CPU.ActiveCfg = Debug|Any CPU
		{6CDCD68A-3DB3-4D48-AB4E-07736D249F06}.Debug|Any CPU.Build.0 = Debug|Any CPU
		{6CDCD68A-3DB3-4D48-AB4E-07736D249F06}.Release|Any CPU.ActiveCfg = Release|Any CPU
		{6CDCD68A-3DB3-4D48-AB4E-07736D249F06}.Release|Any CPU.Build.0 = Release|Any CPU
		{571EB276-8EE9-43A6-BE8E-719F7253B6B8}.Debug|Any CPU.ActiveCfg = Debug|Any CPU
		{571EB276-8EE9-43A6-BE8E-719F7253B6B8}.Debug|Any CPU.Build.0 = Debug|Any CPU
		{571EB276-8EE9-43A6-BE8E-719F7253B6B8}.Release|Any CPU.ActiveCfg = Release|Any CPU
		{571EB276-8EE9-43A6-BE8E-719F7253B6B8}.Release|Any CPU.Build.0 = Release|Any CPU
		{E9AF3374-E353-4F1D-A427-7F03B05E3F57}.Debug|Any CPU.ActiveCfg = Debug|Any CPU
		{E9AF3374-E353-4F1D-A427-7F03B05E3F57}.Debug|Any CPU.Build.0 = Debug|Any CPU
		{E9AF3374-E353-4F1D-A427-7F03B05E3F57}.Release|Any CPU.ActiveCfg = Release|Any CPU
		{E9AF3374-E353-4F1D-A427-7F03B05E3F57}.Release|Any CPU.Build.0 = Release|Any CPU
		{EAEA8314-FAC9-4DF8-B0FC-15C376E3E29A}.Debug|Any CPU.ActiveCfg = Debug|Any CPU
		{EAEA8314-FAC9-4DF8-B0FC-15C376E3E29A}.Debug|Any CPU.Build.0 = Debug|Any CPU
		{EAEA8314-FAC9-4DF8-B0FC-15C376E3E29A}.Release|Any CPU.ActiveCfg = Release|Any CPU
		{EAEA8314-FAC9-4DF8-B0FC-15C376E3E29A}.Release|Any CPU.Build.0 = Release|Any CPU
	EndGlobalSection
	GlobalSection(SolutionProperties) = preSolution
		HideSolutionNode = FALSE
	EndGlobalSection
	GlobalSection(ExtensibilityGlobals) = postSolution
		SolutionGuid = {5C1214FB-2FC2-488F-896D-E728E91F2EF3}
	EndGlobalSection
EndGlobal
