
Microsoft Visual Studio Solution File, Format Version 12.00
# Visual Studio Version 17
VisualStudioVersion = 17.14.36811.4
MinimumVisualStudioVersion = 10.0.40219.1
Project("{FAE04EC0-301F-11D3-BF4B-00C04F79EFBC}") = "Ex2", "Ex2\Ex2.csproj", "{42013CC6-E903-4E5F-9AE6-A0BB6122D2F0}"
EndProject
Project("{FAE04EC0-301F-11D3-BF4B-00C04F79EFBC}") = "Ex3", "Ex3\Ex3.csproj", "{B33FEF23-46AC-400F-B2F4-B25ECE43EB97}"
EndProject
Project("{FAE04EC0-301F-11D3-BF4B-00C04F79EFBC}") = "Ex4", "Ex4\Ex4.csproj", "{69680094-9452-42A2-A7AE-8FB9B59D3428}"
EndProject
Project("{FAE04EC0-301F-11D3-BF4B-00C04F79EFBC}") = "Ex5", "Ex5\Ex5.csproj", "{31BDBCF0-47DA-43DA-8D43-89BA1FA2F659}"
EndProject
Project("{FAE04EC0-301F-11D3-BF4B-00C04F79EFBC}") = "Ex1", "Ex1\Ex1.csproj", "{3647C764-129C-B720-E582-30EB33306FD8}"
EndProject
Global
	GlobalSection(SolutionConfigurationPlatforms) = preSolution
		Debug|Any CPU = Debug|Any CPU
		Release|Any CPU = Release|Any CPU
	EndGlobalSection
	GlobalSection(ProjectConfigurationPlatforms) = postSolution
		{42013CC6-E903-4E5F-9AE6-A0BB6122D2F0}.Debug|Any CPU.ActiveCfg = Debug|Any CPU
		{42013CC6-E903-4E5F-9AE6-A0BB6122D2F0}.Debug|Any CPU.Build.0 = Debug|Any CPU
		{42013CC6-E903-4E5F-9AE6-A0BB6122D2F0}.Release|Any CPU.ActiveCfg = Release|Any CPU
		{42013CC6-E903-4E5F-9AE6-A0BB6122D2F0}.Release|Any CPU.Build.0 = Release|Any CPU
		{B33FEF23-46AC-400F-B2F4-B25ECE43EB97}.Debug|Any CPU.ActiveCfg = Debug|Any CPU
		{B33FEF23-46AC-400F-B2F4-B25ECE43EB97}.Debug|Any CPU.Build.0 = Debug|Any CPU
		{B33FEF23-46AC-400F-B2F4-B25ECE43EB97}.Release|Any CPU.ActiveCfg = Release|Any CPU
		{B33FEF23-46AC-400F-B2F4-B25ECE43EB97}.Release|Any CPU.Build.0 = Release|Any CPU
		{69680094-9452-42A2-A7AE-8FB9B59D3428}.Debug|Any CPU.ActiveCfg = Debug|Any CPU
		{69680094-9452-42A2-A7AE-8FB9B59D3428}.Debug|Any CPU.Build.0 = Debug|Any CPU
		{69680094-9452-42A2-A7AE-8FB9B59D3428}.Release|Any CPU.ActiveCfg = Release|Any CPU
		{69680094-9452-42A2-A7AE-8FB9B59D3428}.Release|Any CPU.Build.0 = Release|Any CPU
		{31BDBCF0-47DA-43DA-8D43-89BA1FA2F659}.Debug|Any CPU.ActiveCfg = Debug|Any CPU
		{31BDBCF0-47DA-43DA-8D43-89BA1FA2F659}.Debug|Any CPU.Build.0 = Debug|Any CPU
		{31BDBCF0-47DA-43DA-8D43-89BA1FA2F659}.Release|Any CPU.ActiveCfg = Release|Any CPU
		{31BDBCF0-47DA-43DA-8D43-89BA1FA2F659}.Release|Any CPU.Build.0 = Release|Any CPU
		{3647C764-129C-B720-E582-30EB33306FD8}.Debug|Any CPU.ActiveCfg = Debug|Any CPU
		{3647C764-129C-B720-E582-30EB33306FD8}.Debug|Any CPU.Build.0 = Debug|Any CPU
		{3647C764-129C-B720-E582-30EB33306FD8}.Release|Any CPU.ActiveCfg = Release|Any CPU
		{3647C764-129C-B720-E582-30EB33306FD8}.Release|Any CPU.Build.0 = Release|Any CPU
	EndGlobalSection
	GlobalSection(SolutionProperties) = preSolution
		HideSolutionNode = FALSE
	EndGlobalSection
	GlobalSection(ExtensibilityGlobals) = postSolution
		SolutionGuid = {5C1214FB-2FC2-488F-896D-E728E91F2EF3}
	EndGlobalSection
EndGlobal
